
Microsoft Visual Studio Solution File, Format Version 12.00
# Visual Studio 15
Project("{FAE04EC0-301F-11D3-BF4B-00C04F79EFBC}") = "Assembly-CSharp-firstpass", "Assembly-CSharp-firstpass.csproj", "{90DDA484-C566-B930-E2D8-9121E4A3B483}"
EndProject
Project("{FAE04EC0-301F-11D3-BF4B-00C04F79EFBC}") = "Assembly-CSharp", "Assembly-CSharp.csproj", "{13F9666F-EAF8-31EA-249C-ACEA1538455C}"
EndProject
Project("{FAE04EC0-301F-11D3-BF4B-00C04F79EFBC}") = "Assembly-CSharp-Editor-firstpass", "Assembly-CSharp-Editor-firstpass.csproj", "{BF9D77FE-E0A6-9765-A341-5CC4FF4C115D}"
EndProject
Global
	GlobalSection(SolutionConfigurationPlatforms) = preSolution
		Debug|Any CPU = Debug|Any CPU
		Release|Any CPU = Release|Any CPU
	EndGlobalSection
	GlobalSection(ProjectConfigurationPlatforms) = postSolution
		{90DDA484-C566-B930-E2D8-9121E4A3B483}.Debug|Any CPU.ActiveCfg = Debug|Any CPU
		{90DDA484-C566-B930-E2D8-9121E4A3B483}.Debug|Any CPU.Build.0 = Debug|Any CPU
		{90DDA484-C566-B930-E2D8-9121E4A3B483}.Release|Any CPU.ActiveCfg = Release|Any CPU
		{90DDA484-C566-B930-E2D8-9121E4A3B483}.Release|Any CPU.Build.0 = Release|Any CPU
		{13F9666F-EAF8-31EA-249C-ACEA1538455C}.Debug|Any CPU.ActiveCfg = Debug|Any CPU
		{13F9666F-EAF8-31EA-249C-ACEA1538455C}.Debug|Any CPU.Build.0 = Debug|Any CPU
		{13F9666F-EAF8-31EA-249C-ACEA1538455C}.Release|Any CPU.ActiveCfg = Release|Any CPU
		{13F9666F-EAF8-31EA-249C-ACEA1538455C}.Release|Any CPU.Build.0 = Release|Any CPU
		{BF9D77FE-E0A6-9765-A341-5CC4FF4C115D}.Debug|Any CPU.ActiveCfg = Debug|Any CPU
		{BF9D77FE-E0A6-9765-A341-5CC4FF4C115D}.Debug|Any CPU.Build.0 = Debug|Any CPU
		{BF9D77FE-E0A6-9765-A341-5CC4FF4C115D}.Release|Any CPU.ActiveCfg = Release|Any CPU
		{BF9D77FE-E0A6-9765-A341-5CC4FF4C115D}.Release|Any CPU.Build.0 = Release|Any CPU
	EndGlobalSection
	GlobalSection(SolutionProperties) = preSolution
		HideSolutionNode = FALSE
	EndGlobalSection
EndGlobal
